{
    "_readme": [
        "This file locks the dependencies of your project to a known state",
        "Read more about it at https://getcomposer.org/doc/01-basic-usage.md#installing-dependencies",
        "This file is @generated automatically"
    ],
    "content-hash": "b5461456c2fd5ee51283da77e80067d9",
    "packages": [
        {
            "name": "mezon/crud-service-client",
            "version": "1.0.1",
            "source": {
                "type": "git",
                "url": "https://github.com/alexdodonov/mezon-crud-service-client.git",
                "reference": "0a11e66b2708d8df771ecea1310a6e27992a661a"
            },
            "dist": {
                "type": "zip",
                "url": "https://api.github.com/repos/alexdodonov/mezon-crud-service-client/zipball/0a11e66b2708d8df771ecea1310a6e27992a661a",
                "reference": "0a11e66b2708d8df771ecea1310a6e27992a661a",
                "shasum": ""
            },
            "require": {
                "mezon/functional": ">=1.0.0",
                "mezon/service-client": ">=1.0.0",
                "php": ">=7.2.0"
            },
            "type": "library",
            "autoload": {
                "psr-4": {
                    "Mezon\\CrudService\\": ""
                }
            },
            "notification-url": "https://packagist.org/downloads/",
            "license": [
                "MIT"
            ],
            "authors": [
                {
                    "name": "Dodonov Alexey",
                    "email": "alexey@dodonov.pro",
                    "homepage": "http://gdzone.ru",
                    "role": "Founder"
                }
            ],
            "description": "Small crud-service-client script",
            "homepage": "https://github.com/alexdodonov/mezon-crud-service-client",
            "time": "2020-04-13T11:57:42+00:00"
        },
        {
            "name": "mezon/crud-service-client-adapter",
            "version": "1.0.1",
            "source": {
                "type": "git",
                "url": "https://github.com/alexdodonov/mezon-crud-service-client-adapter.git",
                "reference": "6f2572fb7409b6fdbd1e74912d4127b26c0daaf9"
            },
            "dist": {
                "type": "zip",
                "url": "https://api.github.com/repos/alexdodonov/mezon-crud-service-client-adapter/zipball/6f2572fb7409b6fdbd1e74912d4127b26c0daaf9",
                "reference": "6f2572fb7409b6fdbd1e74912d4127b26c0daaf9",
                "shasum": ""
            },
            "require": {
                "mezon/crud-service-client": "^1.0.0",
                "mezon/list-builder-adapter": "^1.0.0",
                "php": ">=7.2.0"
            },
            "type": "library",
            "autoload": {
                "psr-4": {
                    "Mezon\\Gui\\ListBuilder\\": ""
                }
            },
            "notification-url": "https://packagist.org/downloads/",
            "license": [
                "MIT"
            ],
            "authors": [
                {
                    "name": "Dodonov Alexey",
                    "email": "alexey@dodonov.pro",
                    "homepage": "http://gdzone.ru",
                    "role": "Founder"
                }
            ],
            "description": "Adapter for the CRUD service client",
            "homepage": "https://github.com/alexdodonov/mezon-crud-service-client-adapater",
            "time": "2020-02-25T21:00:14+00:00"
        },
        {
            "name": "mezon/custom-client",
            "version": "1.0.0",
            "source": {
                "type": "git",
                "url": "https://github.com/alexdodonov/mezon-custom-client.git",
                "reference": "a221ea2ed04169e9d847635edcef3cd422f745a4"
            },
            "dist": {
                "type": "zip",
                "url": "https://api.github.com/repos/alexdodonov/mezon-custom-client/zipball/a221ea2ed04169e9d847635edcef3cd422f745a4",
                "reference": "a221ea2ed04169e9d847635edcef3cd422f745a4",
                "shasum": ""
            },
            "require": {
                "php": ">=7.2.0"
            },
            "type": "library",
            "autoload": {
                "psr-4": {
                    "Mezon\\CustomClient\\": ""
                }
            },
            "notification-url": "https://packagist.org/downloads/",
            "license": [
                "MIT"
            ],
            "authors": [
                {
                    "name": "Dodonov Alexey",
                    "email": "alexey@dodonov.pro",
                    "homepage": "http://gdzone.ru",
                    "role": "Founder"
                }
            ],
            "description": "Small custom client routine",
            "homepage": "https://github.com/alexdodonov/mezon-custom-client",
            "time": "2020-02-17T19:34:31+00:00"
        },
        {
            "name": "mezon/dns-client",
            "version": "1.0.0",
            "source": {
                "type": "git",
                "url": "https://github.com/alexdodonov/mezon-dns-client.git",
                "reference": "0b5ca762a51abe13332c3338e67ef0a04dc58650"
            },
            "dist": {
                "type": "zip",
                "url": "https://api.github.com/repos/alexdodonov/mezon-dns-client/zipball/0b5ca762a51abe13332c3338e67ef0a04dc58650",
                "reference": "0b5ca762a51abe13332c3338e67ef0a04dc58650",
                "shasum": ""
            },
            "require": {
                "php": ">=7.2.0"
            },
            "type": "library",
            "autoload": {
                "psr-4": {
                    "Mezon\\DnsClient\\": ""
                }
            },
            "notification-url": "https://packagist.org/downloads/",
            "license": [
                "MIT"
            ],
            "authors": [
                {
                    "name": "Dodonov Alexey",
                    "email": "alexey@dodonov.pro",
                    "homepage": "http://gdzone.ru",
                    "role": "Founder"
                }
            ],
            "description": "Small dns-client script",
            "homepage": "https://github.com/alexdodonov/mezon-dns-client",
            "time": "2020-02-18T21:20:37+00:00"
        },
        {
            "name": "mezon/fields-set",
            "version": "1.0.4",
            "source": {
                "type": "git",
                "url": "https://github.com/alexdodonov/mezon-fields-set.git",
                "reference": "348740a29ed2dc68dd14b8e3771a1f70a9e265ab"
            },
            "dist": {
                "type": "zip",
                "url": "https://api.github.com/repos/alexdodonov/mezon-fields-set/zipball/348740a29ed2dc68dd14b8e3771a1f70a9e265ab",
                "reference": "348740a29ed2dc68dd14b8e3771a1f70a9e265ab",
                "shasum": ""
            },
            "require": {
                "php": ">=7.2.0"
            },
            "type": "library",
            "autoload": {
                "psr-4": {
                    "Mezon\\": ""
                }
            },
            "notification-url": "https://packagist.org/downloads/",
            "license": [
                "MIT"
            ],
            "authors": [
                {
                    "name": "Dodonov Alexey",
                    "email": "alexey@dodonov.pro",
                    "homepage": "http://gdzone.ru",
                    "role": "Founder"
                }
            ],
            "description": "Set of typed fields",
            "homepage": "https://github.com/alexdodonov/mezon-fields-set",
            "time": "2020-04-10T12:21:41+00:00"
        },
        {
            "name": "mezon/filter",
            "version": "1.0.2",
            "source": {
                "type": "git",
                "url": "https://github.com/alexdodonov/mezon-filter.git",
                "reference": "fa10af812fe2231a88697e28ca83da7a25168947"
            },
            "dist": {
                "type": "zip",
                "url": "https://api.github.com/repos/alexdodonov/mezon-filter/zipball/fa10af812fe2231a88697e28ca83da7a25168947",
                "reference": "fa10af812fe2231a88697e28ca83da7a25168947",
                "shasum": ""
            },
            "require": {
                "php": ">=7.2.0"
            },
            "type": "library",
            "autoload": {
                "psr-4": {
                    "Mezon\\": ""
                }
            },
            "notification-url": "https://packagist.org/downloads/",
            "license": [
                "MIT"
            ],
            "authors": [
                {
                    "name": "Dodonov Alexey",
                    "email": "alexey@dodonov.pro",
                    "homepage": "http://gdzone.ru",
                    "role": "Founder"
                }
            ],
            "description": "Class for filters compilation",
            "homepage": "https://github.com/alexdodonov/mezon-filter",
            "time": "2020-04-11T13:30:16+00:00"
        },
        {
            "name": "mezon/functional",
            "version": "1.0.4",
            "source": {
                "type": "git",
                "url": "https://github.com/alexdodonov/mezon-functional.git",
                "reference": "e1573d1e5f807a6f3a7f2aea3a544a9ed98f25cb"
            },
            "dist": {
                "type": "zip",
                "url": "https://api.github.com/repos/alexdodonov/mezon-functional/zipball/e1573d1e5f807a6f3a7f2aea3a544a9ed98f25cb",
                "reference": "e1573d1e5f807a6f3a7f2aea3a544a9ed98f25cb",
                "shasum": ""
            },
            "require": {
                "php": ">=7.2.0"
            },
            "type": "library",
            "autoload": {
                "psr-4": {
                    "Mezon\\Functional\\": ""
                }
            },
            "notification-url": "https://packagist.org/downloads/",
            "license": [
                "MIT"
            ],
            "authors": [
                {
                    "name": "Dodonov Alexey",
                    "email": "alexey@dodonov.pro",
                    "homepage": "http://gdzone.ru",
                    "role": "Founder"
                }
            ],
            "description": "Small and fast framework for functional programming",
            "homepage": "https://github.com/alexdodonov/mezon-functional",
            "time": "2020-03-27T16:21:15+00:00"
        },
        {
            "name": "mezon/gui",
            "version": "1.0.6",
            "source": {
                "type": "git",
                "url": "https://github.com/alexdodonov/mezon-gui.git",
                "reference": "7d3097b5b1ba19f2be665b4ad7e1bdbc8c311516"
            },
            "dist": {
                "type": "zip",
                "url": "https://api.github.com/repos/alexdodonov/mezon-gui/zipball/7d3097b5b1ba19f2be665b4ad7e1bdbc8c311516",
                "reference": "7d3097b5b1ba19f2be665b4ad7e1bdbc8c311516",
                "shasum": ""
            },
            "require": {
                "mezon/fields-set": "^1.0",
                "mezon/functional": "^1.0",
                "mezon/list-builder-adapter": "^1.0",
                "mezon/security": "^1.0",
                "mezon/template-engine": "^1.0",
                "php": ">=7.2.0"
            },
            "type": "library",
            "autoload": {
                "psr-4": {
                    "Mezon\\Gui\\": ""
                }
            },
            "notification-url": "https://packagist.org/downloads/",
            "license": [
                "MIT"
            ],
            "authors": [
                {
                    "name": "Dodonov Alexey",
                    "email": "alexey@dodonov.pro",
                    "homepage": "http://gdzone.ru",
                    "role": "Founder"
                }
            ],
            "description": "Small gui script",
            "homepage": "https://github.com/alexdodonov/mezon-gui",
            "time": "2020-04-11T13:10:12+00:00"
        },
        {
            "name": "mezon/list-builder-adapter",
            "version": "1.0.0",
            "source": {
                "type": "git",
                "url": "https://github.com/alexdodonov/mezon-list-builder-adapter.git",
                "reference": "2be695faf3789b080e5813d25acf7ab0f70ba6ff"
            },
            "dist": {
                "type": "zip",
                "url": "https://api.github.com/repos/alexdodonov/mezon-list-builder-adapter/zipball/2be695faf3789b080e5813d25acf7ab0f70ba6ff",
                "reference": "2be695faf3789b080e5813d25acf7ab0f70ba6ff",
                "shasum": ""
            },
            "require": {
                "php": ">=7.2.0"
            },
            "type": "library",
            "autoload": {
                "psr-4": {
                    "Mezon\\Gui\\ListBuilder\\": ""
                }
            },
            "notification-url": "https://packagist.org/downloads/",
            "license": [
                "MIT"
            ],
            "authors": [
                {
                    "name": "Dodonov Alexey",
                    "email": "alexey@dodonov.pro",
                    "homepage": "http://gdzone.ru",
                    "role": "Founder"
                }
            ],
            "description": "List builder adapter interface",
            "homepage": "https://github.com/alexdodonov/mezon-list-builder-adapter",
            "time": "2020-02-25T19:39:44+00:00"
        },
        {
            "name": "mezon/security",
            "version": "1.0.2",
            "source": {
                "type": "git",
                "url": "https://github.com/alexdodonov/mezon-security.git",
                "reference": "b976f536b839382249ad8cdf2d97c91d51be506d"
            },
            "dist": {
                "type": "zip",
                "url": "https://api.github.com/repos/alexdodonov/mezon-security/zipball/b976f536b839382249ad8cdf2d97c91d51be506d",
                "reference": "b976f536b839382249ad8cdf2d97c91d51be506d",
                "shasum": ""
            },
            "require": {
                "php": ">=7.2.0"
            },
            "type": "library",
            "autoload": {
                "psr-4": {
                    "Mezon\\Security\\": ""
                }
            },
            "notification-url": "https://packagist.org/downloads/",
            "license": [
                "MIT"
            ],
            "authors": [
                {
                    "name": "Dodonov Alexey",
                    "email": "alexey@dodonov.pro",
                    "homepage": "http://gdzone.ru",
                    "role": "Founder"
                }
            ],
            "description": "Small security script",
            "homepage": "https://github.com/alexdodonov/mezon-security",
            "time": "2020-04-11T13:15:53+00:00"
        },
        {
            "name": "mezon/service-client",
            "version": "1.0.2",
            "source": {
                "type": "git",
                "url": "https://github.com/alexdodonov/mezon-service-client.git",
                "reference": "1828f5c7c63f7b68120ee5daf30247d5f7c5220c"
            },
            "dist": {
                "type": "zip",
                "url": "https://api.github.com/repos/alexdodonov/mezon-service-client/zipball/1828f5c7c63f7b68120ee5daf30247d5f7c5220c",
                "reference": "1828f5c7c63f7b68120ee5daf30247d5f7c5220c",
                "shasum": ""
            },
            "require": {
                "mezon/custom-client": "^1.0.0",
                "mezon/dns-client": "^1.0.0",
                "php": ">=7.2.0"
            },
            "type": "library",
            "autoload": {
                "psr-4": {
                    "Mezon\\Service\\": ""
                }
            },
            "notification-url": "https://packagist.org/downloads/",
            "license": [
                "MIT"
            ],
            "authors": [
                {
                    "name": "Dodonov Alexey",
                    "email": "alexey@dodonov.pro",
                    "homepage": "http://gdzone.ru",
                    "role": "Founder"
                }
            ],
            "description": "Small service client script",
            "homepage": "https://github.com/alexdodonov/mezon-service-client",
            "time": "2020-04-13T11:25:05+00:00"
        },
        {
            "name": "mezon/template-engine",
            "version": "1.0.5",
            "source": {
                "type": "git",
                "url": "https://github.com/alexdodonov/mezon-template-engine.git",
                "reference": "86dcf12fe4d88e4f75c1fad35640748ab57c7e19"
            },
            "dist": {
                "type": "zip",
                "url": "https://api.github.com/repos/alexdodonov/mezon-template-engine/zipball/86dcf12fe4d88e4f75c1fad35640748ab57c7e19",
                "reference": "86dcf12fe4d88e4f75c1fad35640748ab57c7e19",
                "shasum": ""
            },
            "require": {
                "mezon/functional": "^1.0",
                "php": ">=7.2.0"
            },
            "type": "library",
            "autoload": {
                "psr-4": {
                    "Mezon\\TemplateEngine\\": ""
                }
            },
            "notification-url": "https://packagist.org/downloads/",
            "license": [
                "MIT"
            ],
            "authors": [
                {
                    "name": "Dodonov Alexey",
                    "email": "alexey@dodonov.pro",
                    "homepage": "http://gdzone.ru",
                    "role": "Founder"
                }
            ],
            "description": "https://github.com/alexdodonov/mezon-template-engine",
            "homepage": "https://github.com/alexdodonov/mezon-template-engine",
            "time": "2020-02-25T21:18:55+00:00"
        }
    ],
    "packages-dev": [],
    "aliases": [],
    "minimum-stability": "dev",
    "stability-flags": [],
    "prefer-stable": true,
    "prefer-lowest": false,
    "platform": {
        "php": ">=7.2.0"
    },
    "platform-dev": [],
    "plugin-api-version": "1.1.0"
}
